
Microsoft Visual Studio Solution File, Format Version 12.00
# Visual Studio Version 17
VisualStudioVersion = 17.8.34316.72
MinimumVisualStudioVersion = 10.0.40219.1
Project("{9A19103F-16F7-4668-BE54-9A1E7A4F7556}") = "MyShop.Web", "MyShop.Web\MyShop.Web.csproj", "{DFF49D6F-77FA-4ADB-959E-3FE832FB321E}"
EndProject
Project("{9A19103F-16F7-4668-BE54-9A1E7A4F7556}") = "myshop.DataAccess", "myshop.DataAccess\myshop.DataAccess.csproj", "{DC2F18C3-0ACC-467A-B392-0F6FB369466C}"
EndProject
Project("{9A19103F-16F7-4668-BE54-9A1E7A4F7556}") = "myshop.Entities", "myshop.Entities\myshop.Entities.csproj", "{6BCC1C27-D2D0-4624-A862-82E8911D5965}"
EndProject
Project("{FAE04EC0-301F-11D3-BF4B-00C04F79EFBC}") = "MyShop.Uitilities", "MyShop.Uitilities\MyShop.Uitilities.csproj", "{97B467A6-8D65-4B5C-8011-F2A048C681EC}"
EndProject
Global
	GlobalSection(SolutionConfigurationPlatforms) = preSolution
		Debug|Any CPU = Debug|Any CPU
		Release|Any CPU = Release|Any CPU
	EndGlobalSection
	GlobalSection(ProjectConfigurationPlatforms) = postSolution
		{DFF49D6F-77FA-4ADB-959E-3FE832FB321E}.Debug|Any CPU.ActiveCfg = Debug|Any CPU
		{DFF49D6F-77FA-4ADB-959E-3FE832FB321E}.Debug|Any CPU.Build.0 = Debug|Any CPU
		{DFF49D6F-77FA-4ADB-959E-3FE832FB321E}.Release|Any CPU.ActiveCfg = Release|Any CPU
		{DFF49D6F-77FA-4ADB-959E-3FE832FB321E}.Release|Any CPU.Build.0 = Release|Any CPU
		{DC2F18C3-0ACC-467A-B392-0F6FB369466C}.Debug|Any CPU.ActiveCfg = Debug|Any CPU
		{DC2F18C3-0ACC-467A-B392-0F6FB369466C}.Debug|Any CPU.Build.0 = Debug|Any CPU
		{DC2F18C3-0ACC-467A-B392-0F6FB369466C}.Release|Any CPU.ActiveCfg = Release|Any CPU
		{DC2F18C3-0ACC-467A-B392-0F6FB369466C}.Release|Any CPU.Build.0 = Release|Any CPU
		{6BCC1C27-D2D0-4624-A862-82E8911D5965}.Debug|Any CPU.ActiveCfg = Debug|Any CPU
		{6BCC1C27-D2D0-4624-A862-82E8911D5965}.Debug|Any CPU.Build.0 = Debug|Any CPU
		{6BCC1C27-D2D0-4624-A862-82E8911D5965}.Release|Any CPU.ActiveCfg = Release|Any CPU
		{6BCC1C27-D2D0-4624-A862-82E8911D5965}.Release|Any CPU.Build.0 = Release|Any CPU
		{97B467A6-8D65-4B5C-8011-F2A048C681EC}.Debug|Any CPU.ActiveCfg = Debug|Any CPU
		{97B467A6-8D65-4B5C-8011-F2A048C681EC}.Debug|Any CPU.Build.0 = Debug|Any CPU
		{97B467A6-8D65-4B5C-8011-F2A048C681EC}.Release|Any CPU.ActiveCfg = Release|Any CPU
		{97B467A6-8D65-4B5C-8011-F2A048C681EC}.Release|Any CPU.Build.0 = Release|Any CPU
	EndGlobalSection
	GlobalSection(SolutionProperties) = preSolution
		HideSolutionNode = FALSE
	EndGlobalSection
	GlobalSection(ExtensibilityGlobals) = postSolution
		SolutionGuid = {5FAED199-8773-49A2-BD67-6491AB1D667E}
	EndGlobalSection
EndGlobal
